
Microsoft Visual Studio Solution File, Format Version 12.00
# Visual Studio Version 17
VisualStudioVersion = 17.1.32421.90
MinimumVisualStudioVersion = 10.0.40219.1
Project("{FAE04EC0-301F-11D3-BF4B-00C04F79EFBC}") = "ConsoleUI", "ConsoleUI\ConsoleUI.csproj", "{C430768C-3BEC-49C7-87F8-EEABA4B3FB53}"
EndProject
Project("{FAE04EC0-301F-11D3-BF4B-00C04F79EFBC}") = "MatrixLib", "MatrixLib\MatrixLib.csproj", "{BB045DEE-1CBD-46C3-9247-AA035EAA19DC}"
EndProject
Global
	GlobalSection(SolutionConfigurationPlatforms) = preSolution
		Debug|Any CPU = Debug|Any CPU
		Release|Any CPU = Release|Any CPU
	EndGlobalSection
	GlobalSection(ProjectConfigurationPlatforms) = postSolution
		{C430768C-3BEC-49C7-87F8-EEABA4B3FB53}.Debug|Any CPU.ActiveCfg = Debug|Any CPU
		{C430768C-3BEC-49C7-87F8-EEABA4B3FB53}.Debug|Any CPU.Build.0 = Debug|Any CPU
		{C430768C-3BEC-49C7-87F8-EEABA4B3FB53}.Release|Any CPU.ActiveCfg = Release|Any CPU
		{C430768C-3BEC-49C7-87F8-EEABA4B3FB53}.Release|Any CPU.Build.0 = Release|Any CPU
		{BB045DEE-1CBD-46C3-9247-AA035EAA19DC}.Debug|Any CPU.ActiveCfg = Debug|Any CPU
		{BB045DEE-1CBD-46C3-9247-AA035EAA19DC}.Debug|Any CPU.Build.0 = Debug|Any CPU
		{BB045DEE-1CBD-46C3-9247-AA035EAA19DC}.Release|Any CPU.ActiveCfg = Release|Any CPU
		{BB045DEE-1CBD-46C3-9247-AA035EAA19DC}.Release|Any CPU.Build.0 = Release|Any CPU
	EndGlobalSection
	GlobalSection(SolutionProperties) = preSolution
		HideSolutionNode = FALSE
	EndGlobalSection
	GlobalSection(ExtensibilityGlobals) = postSolution
		SolutionGuid = {E38D91A4-FC89-4B0B-B73E-CC355B9657CC}
	EndGlobalSection
EndGlobal
